
Microsoft Visual Studio Solution File, Format Version 12.00
# Visual Studio Version 16
VisualStudioVersion = 16.0.32002.261
MinimumVisualStudioVersion = 10.0.40219.1
Project("{9A19103F-16F7-4668-BE54-9A1E7A4F7556}") = "WebAppFeatures", "WebAppFeatures\WebAppFeatures.csproj", "{C74C402A-B916-4852-9E99-A0E6C17D273D}"
EndProject
Global
	GlobalSection(SolutionConfigurationPlatforms) = preSolution
		Debug|Any CPU = Debug|Any CPU
		Release|Any CPU = Release|Any CPU
	EndGlobalSection
	GlobalSection(ProjectConfigurationPlatforms) = postSolution
		{C74C402A-B916-4852-9E99-A0E6C17D273D}.Debug|Any CPU.ActiveCfg = Debug|Any CPU
		{C74C402A-B916-4852-9E99-A0E6C17D273D}.Debug|Any CPU.Build.0 = Debug|Any CPU
		{C74C402A-B916-4852-9E99-A0E6C17D273D}.Release|Any CPU.ActiveCfg = Release|Any CPU
		{C74C402A-B916-4852-9E99-A0E6C17D273D}.Release|Any CPU.Build.0 = Release|Any CPU
	EndGlobalSection
	GlobalSection(SolutionProperties) = preSolution
		HideSolutionNode = FALSE
	EndGlobalSection
	GlobalSection(ExtensibilityGlobals) = postSolution
		SolutionGuid = {9047A900-1D00-481C-99EC-0386C9B78548}
	EndGlobalSection
EndGlobal
